
Microsoft Visual Studio Solution File, Format Version 12.00
# Visual Studio Version 17
VisualStudioVersion = 17.10.35013.160
MinimumVisualStudioVersion = 10.0.40219.1
Project("{FAE04EC0-301F-11D3-BF4B-00C04F79EFBC}") = "CouplesBillManagerAPI", "CouplesBillManagerAPI.csproj", "{757CFA74-EE3A-45FA-9CFD-BFEA00CA97A8}"
EndProject
Global
	GlobalSection(SolutionConfigurationPlatforms) = preSolution
		Debug|Any CPU = Debug|Any CPU
		Release|Any CPU = Release|Any CPU
	EndGlobalSection
	GlobalSection(ProjectConfigurationPlatforms) = postSolution
		{757CFA74-EE3A-45FA-9CFD-BFEA00CA97A8}.Debug|Any CPU.ActiveCfg = Debug|Any CPU
		{757CFA74-EE3A-45FA-9CFD-BFEA00CA97A8}.Debug|Any CPU.Build.0 = Debug|Any CPU
		{757CFA74-EE3A-45FA-9CFD-BFEA00CA97A8}.Release|Any CPU.ActiveCfg = Release|Any CPU
		{757CFA74-EE3A-45FA-9CFD-BFEA00CA97A8}.Release|Any CPU.Build.0 = Release|Any CPU
	EndGlobalSection
	GlobalSection(SolutionProperties) = preSolution
		HideSolutionNode = FALSE
	EndGlobalSection
	GlobalSection(ExtensibilityGlobals) = postSolution
		SolutionGuid = {9B523E2C-912E-4CF0-97D7-6A8C3AC57C44}
	EndGlobalSection
EndGlobal
